{
  "object": {
    "pins": [
      {
        "package": "Cryptor",
        "repositoryURL": "https://github.com/IBM-Swift/BlueCryptor.git",
        "state": {
          "branch": null,
          "revision": "25186dc1a53f3eb6d900853f659dff8b9af523aa",
          "version": "1.0.23"
        }
      },
      {
        "package": "Signals",
        "repositoryURL": "https://github.com/IBM-Swift/BlueSignals.git",
        "state": {
          "branch": null,
          "revision": "23f62ec7a38a837e1c14acffc2e963b667a88b46",
          "version": "1.0.16"
        }
      },
      {
        "package": "Socket",
        "repositoryURL": "https://github.com/IBM-Swift/BlueSocket.git",
        "state": {
          "branch": null,
          "revision": "a40b405bdf32bc853307dd5dee8d00636e394013",
          "version": "1.0.44"
        }
      },
      {
        "package": "SSLService",
        "repositoryURL": "https://github.com/IBM-Swift/BlueSSLService.git",
        "state": {
          "branch": null,
          "revision": "6910763b0dfa6f95a75217215d8cdce3ee11a6ae",
          "version": "1.0.44"
        }
      },
      {
        "package": "CCurl",
        "repositoryURL": "https://github.com/IBM-Swift/CCurl.git",
        "state": {
          "branch": null,
          "revision": "2a431e3a5fb8d004aa7d4d1bebb5d511f568c43e",
          "version": "1.0.0"
        }
      },
      {
        "package": "CEpoll",
        "repositoryURL": "https://github.com/IBM-Swift/CEpoll.git",
        "state": {
          "branch": null,
          "revision": "4e56acbea4d452110236dcbfcee0045a697c0e9f",
          "version": "1.0.0"
        }
      },
      {
        "package": "CircuitBreaker",
        "repositoryURL": "https://github.com/IBM-Swift/CircuitBreaker.git",
        "state": {
          "branch": null,
          "revision": "81581e3fb094ab4879aa2c5ce54201f1dbce0a7f",
          "version": "5.0.1"
        }
      },
      {
        "package": "CloudEnvironment",
        "repositoryURL": "https://github.com/IBM-Swift/CloudEnvironment.git",
        "state": {
          "branch": null,
          "revision": "541344ce09aaa43ee3896a56c4a300f002c3819c",
          "version": "9.0.0"
        }
      },
      {
        "package": "Configuration",
        "repositoryURL": "https://github.com/IBM-Swift/Configuration.git",
        "state": {
          "branch": null,
          "revision": "4278530545d69b99e7e391e3980c740c9371b457",
          "version": "3.0.2"
        }
      },
      {
        "package": "FileKit",
        "repositoryURL": "https://github.com/IBM-Swift/FileKit.git",
        "state": {
          "branch": null,
          "revision": "319016dbf4b3ce04589265c23c9cac0016fe8096",
          "version": "0.0.1"
        }
      },
      {
        "package": "Health",
        "repositoryURL": "https://github.com/IBM-Swift/Health.git",
        "state": {
          "branch": null,
          "revision": "111fd53f30b0a4bab139aea5eb2267853c007946",
          "version": "1.0.4"
        }
      },
      {
        "package": "HeliumLogger",
        "repositoryURL": "https://github.com/IBM-Swift/HeliumLogger.git",
        "state": {
          "branch": null,
          "revision": "5ad546a39376b911a6cd4b06e8cadf60aa9e9472",
          "version": "1.8.0"
        }
      },
      {
        "package": "Kitura",
        "repositoryURL": "https://github.com/IBM-Swift/Kitura.git",
        "state": {
          "branch": null,
          "revision": "a56a19f44872dd1920c22cd10cefed20a438f8c8",
          "version": "2.5.7"
        }
      },
      {
        "package": "Kitura-net",
        "repositoryURL": "https://github.com/IBM-Swift/Kitura-net.git",
        "state": {
          "branch": null,
          "revision": "9806d353eb31b3a37e6b92cd05482ae81483b47c",
          "version": "2.1.6"
        }
      },
      {
        "package": "Kitura-TemplateEngine",
        "repositoryURL": "https://github.com/IBM-Swift/Kitura-TemplateEngine.git",
        "state": {
          "branch": null,
          "revision": "b030d2d176719acc6a902c40db1b87dc6a83e2fc",
          "version": "2.0.0"
        }
      },
      {
        "package": "Kitura-WebSocket",
        "repositoryURL": "https://github.com/IBM-Swift/Kitura-WebSocket.git",
        "state": {
          "branch": null,
          "revision": "1c6d026a2775285d6bb7a27217683c8451221190",
          "version": "2.1.1"
        }
      },
      {
        "package": "KituraContracts",
        "repositoryURL": "https://github.com/IBM-Swift/KituraContracts.git",
        "state": {
          "branch": null,
          "revision": "acfad5b37e70590261c1181b1ad29758d20bf167",
          "version": "1.1.1"
        }
      },
      {
        "package": "LoggerAPI",
        "repositoryURL": "https://github.com/IBM-Swift/LoggerAPI.git",
        "state": {
          "branch": null,
          "revision": "d0ccb4158b83f8692531892a9c894bb757593c6f",
          "version": "1.8.0"
        }
      },
      {
        "package": "omr-agentcore",
        "repositoryURL": "https://github.com/RuntimeTools/omr-agentcore",
        "state": {
          "branch": null,
          "revision": "5a2361ba1f005596a2bfa28de76ed4acf1e71c33",
          "version": "3.2.4-swift4"
        }
      },
      {
        "package": "OpenSSL",
        "repositoryURL": "https://github.com/IBM-Swift/OpenSSL.git",
        "state": {
          "branch": null,
          "revision": "a39f93450e25345c97deb1a9b88e224189fdc28e",
          "version": "1.0.2"
        }
      },
      {
        "package": "CloudFoundryEnv",
        "repositoryURL": "https://github.com/IBM-Swift/Swift-cfenv.git",
        "state": {
          "branch": null,
          "revision": "ec441a9af1b2995dcc697db75686ae76a034b33f",
          "version": "6.0.2"
        }
      },
      {
        "package": "SwiftMetrics",
        "repositoryURL": "https://github.com/RuntimeTools/SwiftMetrics.git",
        "state": {
          "branch": null,
          "revision": "bd5832af20c284093180ba40e4ca5e160d88820c",
          "version": "2.5.0"
        }
      },
      {
        "package": "SwiftyRequest",
        "repositoryURL": "https://github.com/IBM-Swift/SwiftyRequest.git",
        "state": {
          "branch": null,
          "revision": "617de05a8bea00acf0c1fd68fd8c42aa7a42c036",
          "version": "1.1.3"
        }
      },
      {
        "package": "TypeDecoder",
        "repositoryURL": "https://github.com/IBM-Swift/TypeDecoder.git",
        "state": {
          "branch": null,
          "revision": "2fd9b413df610a526ae5291aaf860cbb8b1856b5",
          "version": "1.3.0"
        }
      }
    ]
  },
  "version": 1
}
